
Microsoft Visual Studio Solution File, Format Version 12.00
# Visual Studio Version 17
VisualStudioVersion = 17.11.35222.181
MinimumVisualStudioVersion = 10.0.40219.1
Project("{9A19103F-16F7-4668-BE54-9A1E7A4F7556}") = "MudBlazorDialogTest", "MudBlazorWebApp2\MudBlazorDialogTest.csproj", "{7CA33E16-FB19-4AA7-9AB4-D725E1A7D9FD}"
EndProject
Global
	GlobalSection(SolutionConfigurationPlatforms) = preSolution
		Debug|Any CPU = Debug|Any CPU
		Release|Any CPU = Release|Any CPU
	EndGlobalSection
	GlobalSection(ProjectConfigurationPlatforms) = postSolution
		{7CA33E16-FB19-4AA7-9AB4-D725E1A7D9FD}.Debug|Any CPU.ActiveCfg = Debug|Any CPU
		{7CA33E16-FB19-4AA7-9AB4-D725E1A7D9FD}.Debug|Any CPU.Build.0 = Debug|Any CPU
		{7CA33E16-FB19-4AA7-9AB4-D725E1A7D9FD}.Release|Any CPU.ActiveCfg = Release|Any CPU
		{7CA33E16-FB19-4AA7-9AB4-D725E1A7D9FD}.Release|Any CPU.Build.0 = Release|Any CPU
	EndGlobalSection
	GlobalSection(SolutionProperties) = preSolution
		HideSolutionNode = FALSE
	EndGlobalSection
	GlobalSection(ExtensibilityGlobals) = postSolution
		SolutionGuid = {DC0EDBAB-94EA-4B99-B78B-9D58619C546B}
	EndGlobalSection
EndGlobal
